version = 1
revision = 3
requires-python = ">=3.8"

[[package]]
name = "bpylist2"
version = "4.1.1"
source = { registry = "https://pypi.org/simple" }
sdist = { url = "https://files.pythonhosted.org/packages/ca/34/eb90ff6be953f6e4df08d4e8c0b761bea144242b6d711e922113411cc631/bpylist2-4.1.1.tar.gz", hash = "sha256:0cc63284aee42f5c7e0ec87f8f59cdd35aaed05ad12d866b1868ea0c0caaafe1", size = 18000, upload-time = "2023-09-11T16:58:00.758Z" }
wheels = [
    { url = "https://files.pythonhosted.org/packages/8b/e5/b552c94fc965153c9dcad4b64202e5170d4918716bc082d4fa6c6230579c/bpylist2-4.1.1-py3-none-any.whl", hash = "sha256:4862eab78d9d908d532393208b6771cebc8debef99ab851b54a0a0e28e2bec6b", size = 16596, upload-time = "2023-09-11T16:57:59.526Z" },
]

[[package]]
name = "imessage-extractor"
version = "0.1.0"
source = { virtual = "." }
dependencies = [
    { name = "bpylist2" },
]

[package.metadata]
requires-dist = [{ name = "bpylist2", specifier = ">=4.0.0" }]
